dependencies:
- name: edp-tekton-common-library
  repository: file://../common-library
  version: 0.3.5
- name: tekton-cache
  repository: https://epam.github.io/edp-helm-charts/stable
  version: 0.3.2
digest: sha256:bd87e325017748e96d3efa7b95a78c299e9ddc483975548626015860cffecc70
generated: "2024-10-03T17:38:15.533831+03:00"
