dependencies:
- name: edp-tekton-common-library
  repository: file://../common-library
  version: 0.2.17
- name: tekton-cache
  repository: https://epam.github.io/edp-helm-charts/stable
  version: 0.2.0
digest: sha256:4c57a6c421ace67d0c3e2721d9c4086894a9967284e19ff5263b1719e05801d2
generated: "2023-12-18T15:08:53.876347+02:00"
