dependencies:
- name: edp-tekton-common-library
  repository: https://epam.github.io/edp-helm-charts/stable
  version: 0.2.3
- name: edp-tekton-interceptor
  repository: https://epam.github.io/edp-helm-charts/stable
  version: 0.2.4
- name: edp-tekton-dashboard
  repository: https://epam.github.io/edp-helm-charts/stable
  version: 0.31.1
digest: sha256:f81555ec79ec767121adac982de77acd21b9757ee875ef68e84e3fc7f7bc055b
generated: "2023-01-11T14:23:17.926625+02:00"
